
Microsoft Visual Studio Solution File, Format Version 12.00
# Visual Studio Version 16
VisualStudioVersion = 16.0.30011.22
MinimumVisualStudioVersion = 10.0.40219.1
Project("{8BC9CEB8-8B4A-11D0-8D11-00A0C91BC942}") = "TestGithHub", "TestGithHub.vcxproj", "{FDBBD966-7086-4EDE-B05D-8FF2938007C9}"
EndProject
Project("{2150E333-8FDC-42A3-9474-1A3956D46DE8}") = "C++", "C++", "{788DC4EF-35D4-4142-82DF-3EE8AA82B7AB}"
EndProject
Global
	GlobalSection(SolutionConfigurationPlatforms) = preSolution
		Debug|x64 = Debug|x64
		Debug|x86 = Debug|x86
		Release|x64 = Release|x64
		Release|x86 = Release|x86
	EndGlobalSection
	GlobalSection(ProjectConfigurationPlatforms) = postSolution
		{FDBBD966-7086-4EDE-B05D-8FF2938007C9}.Debug|x64.ActiveCfg = Debug|x64
		{FDBBD966-7086-4EDE-B05D-8FF2938007C9}.Debug|x64.Build.0 = Debug|x64
		{FDBBD966-7086-4EDE-B05D-8FF2938007C9}.Debug|x86.ActiveCfg = Debug|Win32
		{FDBBD966-7086-4EDE-B05D-8FF2938007C9}.Debug|x86.Build.0 = Debug|Win32
		{FDBBD966-7086-4EDE-B05D-8FF2938007C9}.Release|x64.ActiveCfg = Release|x64
		{FDBBD966-7086-4EDE-B05D-8FF2938007C9}.Release|x64.Build.0 = Release|x64
		{FDBBD966-7086-4EDE-B05D-8FF2938007C9}.Release|x86.ActiveCfg = Release|Win32
		{FDBBD966-7086-4EDE-B05D-8FF2938007C9}.Release|x86.Build.0 = Release|Win32
	EndGlobalSection
	GlobalSection(SolutionProperties) = preSolution
		HideSolutionNode = FALSE
	EndGlobalSection
	GlobalSection(ExtensibilityGlobals) = postSolution
		SolutionGuid = {66A87214-BB35-4F2F-85F0-ED9B53CF6206}
	EndGlobalSection
EndGlobal
